
Microsoft Visual Studio Solution File, Format Version 12.00
# Visual Studio Version 17
VisualStudioVersion = 17.9.34622.214
MinimumVisualStudioVersion = 10.0.40219.1
Project("{FAE04EC0-301F-11D3-BF4B-00C04F79EFBC}") = "CRM.WEB", "CRM.WEB\CRM.WEB.csproj", "{8F8C7C6D-F16E-4DB7-A0D0-EDD3DF51023A}"
EndProject
Global
	GlobalSection(SolutionConfigurationPlatforms) = preSolution
		Debug|Any CPU = Debug|Any CPU
		Release|Any CPU = Release|Any CPU
	EndGlobalSection
	GlobalSection(ProjectConfigurationPlatforms) = postSolution
		{8F8C7C6D-F16E-4DB7-A0D0-EDD3DF51023A}.Debug|Any CPU.ActiveCfg = Debug|Any CPU
		{8F8C7C6D-F16E-4DB7-A0D0-EDD3DF51023A}.Debug|Any CPU.Build.0 = Debug|Any CPU
		{8F8C7C6D-F16E-4DB7-A0D0-EDD3DF51023A}.Release|Any CPU.ActiveCfg = Release|Any CPU
		{8F8C7C6D-F16E-4DB7-A0D0-EDD3DF51023A}.Release|Any CPU.Build.0 = Release|Any CPU
	EndGlobalSection
	GlobalSection(SolutionProperties) = preSolution
		HideSolutionNode = FALSE
	EndGlobalSection
	GlobalSection(ExtensibilityGlobals) = postSolution
		SolutionGuid = {0A1C58D4-B2DC-4466-8860-AF4A9D353A84}
	EndGlobalSection
EndGlobal
